// !$*UTF8*$!
{
	archiveVersion = 1;
	classes = {
	};
	objectVersion = 46;
	objects = {

/* Begin PBXBuildFile section */
		051F96731A818C27008E7416 /* libsqlite3.dylib in Frameworks */ = {isa = PBXBuildFile; fileRef = 051F96721A818C27008E7416 /* libsqlite3.dylib */; };
		051F96781A818D3F008E7416 /* locations.db in Resources */ = {isa = PBXBuildFile; fileRef = 051F96771A818D3F008E7416 /* locations.db */; };
		051F96911A82AF0F008E7416 /* FMDatabase.m in Sources */ = {isa = PBXBuildFile; fileRef = 051F96871A82AF0F008E7416 /* FMDatabase.m */; };
		051F96921A82AF0F008E7416 /* FMDatabaseAdditions.m in Sources */ = {isa = PBXBuildFile; fileRef = 051F96891A82AF0F008E7416 /* FMDatabaseAdditions.m */; };
		051F96931A82AF0F008E7416 /* FMDatabasePool.m in Sources */ = {isa = PBXBuildFile; fileRef = 051F968B1A82AF0F008E7416 /* FMDatabasePool.m */; };
		051F96941A82AF0F008E7416 /* FMDatabaseQueue.m in Sources */ = {isa = PBXBuildFile; fileRef = 051F968D1A82AF0F008E7416 /* FMDatabaseQueue.m */; };
		051F96951A82AF0F008E7416 /* FMResultSet.m in Sources */ = {isa = PBXBuildFile; fileRef = 051F96901A82AF0F008E7416 /* FMResultSet.m */; };
		051F969A1A82AF26008E7416 /* GeoIpManager.swift in Sources */ = {isa = PBXBuildFile; fileRef = 051F96971A82AF26008E7416 /* GeoIpManager.swift */; };
		051F969B1A82AF26008E7416 /* Lsof.swift in Sources */ = {isa = PBXBuildFile; fileRef = 051F96981A82AF26008E7416 /* Lsof.swift */; };
		051F969C1A82AF26008E7416 /* SystemCall.swift in Sources */ = {isa = PBXBuildFile; fileRef = 051F96991A82AF26008E7416 /* SystemCall.swift */; };
		051F969F1A82AF3A008E7416 /* lsof.sh in Resources */ = {isa = PBXBuildFile; fileRef = 051F969E1A82AF3A008E7416 /* lsof.sh */; };
		053E7FE81A84181B00E8DA73 /* IPAddress.swift in Sources */ = {isa = PBXBuildFile; fileRef = 053E7FE71A84181B00E8DA73 /* IPAddress.swift */; };
		053E7FEA1A842A5900E8DA73 /* MapViewController.swift in Sources */ = {isa = PBXBuildFile; fileRef = 053E7FE91A842A5900E8DA73 /* MapViewController.swift */; };
		053E7FEC1A842B9800E8DA73 /* MapKit.framework in Frameworks */ = {isa = PBXBuildFile; fileRef = 053E7FEB1A842B9800E8DA73 /* MapKit.framework */; };
		053E7FEE1A84454400E8DA73 /* ConnectionOperation.swift in Sources */ = {isa = PBXBuildFile; fileRef = 053E7FED1A84454400E8DA73 /* ConnectionOperation.swift */; };
		054F2E9C1A86F60E002A117A /* LsofLocation.swift in Sources */ = {isa = PBXBuildFile; fileRef = 054F2E9B1A86F60E002A117A /* LsofLocation.swift */; };
		056280F41A8ABF0000E64820 /* CountView.swift in Sources */ = {isa = PBXBuildFile; fileRef = 056280F11A8ABF0000E64820 /* CountView.swift */; };
		056280F51A8ABF0000E64820 /* CountViewCell.xib in Resources */ = {isa = PBXBuildFile; fileRef = 056280F21A8ABF0000E64820 /* CountViewCell.xib */; };
		056280F61A8ABF0000E64820 /* LeftView.swift in Sources */ = {isa = PBXBuildFile; fileRef = 056280F31A8ABF0000E64820 /* LeftView.swift */; };
		0575A50F1A802CD400EA9787 /* AppDelegate.swift in Sources */ = {isa = PBXBuildFile; fileRef = 0575A50E1A802CD400EA9787 /* AppDelegate.swift */; };
		0575A5131A802CD400EA9787 /* Images.xcassets in Resources */ = {isa = PBXBuildFile; fileRef = 0575A5121A802CD400EA9787 /* Images.xcassets */; };
		0575A5161A802CD400EA9787 /* Main.storyboard in Resources */ = {isa = PBXBuildFile; fileRef = 0575A5141A802CD400EA9787 /* Main.storyboard */; };
		0575A5221A802CD400EA9787 /* flutterTests.swift in Sources */ = {isa = PBXBuildFile; fileRef = 0575A5211A802CD400EA9787 /* flutterTests.swift */; };
		05A1016D1A8C3CF500182CFD /* ps.sh in Resources */ = {isa = PBXBuildFile; fileRef = 05A1016C1A8C3CF500182CFD /* ps.sh */; };
		05A1016F1A8D633000182CFD /* ProcessMetadata.swift in Sources */ = {isa = PBXBuildFile; fileRef = 05A1016E1A8D633000182CFD /* ProcessMetadata.swift */; };
		05A101711A8D83F300182CFD /* AppView.swift in Sources */ = {isa = PBXBuildFile; fileRef = 05A101701A8D83F300182CFD /* AppView.swift */; };
		05A101731A8D8B9900182CFD /* AppViewCell.xib in Resources */ = {isa = PBXBuildFile; fileRef = 05A101721A8D8B9900182CFD /* AppViewCell.xib */; };
		05A101751A8D8C1400182CFD /* AppViewCell.swift in Sources */ = {isa = PBXBuildFile; fileRef = 05A101741A8D8C1400182CFD /* AppViewCell.swift */; };
		05A101781A8EC78E00182CFD /* default_app_icon.png in Resources */ = {isa = PBXBuildFile; fileRef = 05A101771A8EC78E00182CFD /* default_app_icon.png */; };
/* End PBXBuildFile section */

/* Begin PBXContainerItemProxy section */
		0575A51C1A802CD400EA9787 /* PBXContainerItemProxy */ = {
			isa = PBXContainerItemProxy;
			containerPortal = 0575A5011A802CD300EA9787 /* Project object */;
			proxyType = 1;
			remoteGlobalIDString = 0575A5081A802CD300EA9787;
			remoteInfo = flutter;
		};
/* End PBXContainerItemProxy section */

/* Begin PBXFileReference section */
		051F96721A818C27008E7416 /* libsqlite3.dylib */ = {isa = PBXFileReference; lastKnownFileType = "compiled.mach-o.dylib"; name = libsqlite3.dylib; path = usr/lib/libsqlite3.dylib; sourceTree = SDKROOT; };
		051F96771A818D3F008E7416 /* locations.db */ = {isa = PBXFileReference; lastKnownFileType = file; name = locations.db; path = Resources/locations.db; sourceTree = "<group>"; };
		051F96861A82AF0F008E7416 /* FMDatabase.h */ = {isa = PBXFileReference; fileEncoding = 4; lastKnownFileType = sourcecode.c.h; path = FMDatabase.h; sourceTree = "<group>"; };
		051F96871A82AF0F008E7416 /* FMDatabase.m */ = {isa = PBXFileReference; fileEncoding = 4; lastKnownFileType = sourcecode.c.objc; path = FMDatabase.m; sourceTree = "<group>"; };
		051F96881A82AF0F008E7416 /* FMDatabaseAdditions.h */ = {isa = PBXFileReference; fileEncoding = 4; lastKnownFileType = sourcecode.c.h; path = FMDatabaseAdditions.h; sourceTree = "<group>"; };
		051F96891A82AF0F008E7416 /* FMDatabaseAdditions.m */ = {isa = PBXFileReference; fileEncoding = 4; lastKnownFileType = sourcecode.c.objc; path = FMDatabaseAdditions.m; sourceTree = "<group>"; };
		051F968A1A82AF0F008E7416 /* FMDatabasePool.h */ = {isa = PBXFileReference; fileEncoding = 4; lastKnownFileType = sourcecode.c.h; path = FMDatabasePool.h; sourceTree = "<group>"; };
		051F968B1A82AF0F008E7416 /* FMDatabasePool.m */ = {isa = PBXFileReference; fileEncoding = 4; lastKnownFileType = sourcecode.c.objc; path = FMDatabasePool.m; sourceTree = "<group>"; };
		051F968C1A82AF0F008E7416 /* FMDatabaseQueue.h */ = {isa = PBXFileReference; fileEncoding = 4; lastKnownFileType = sourcecode.c.h; path = FMDatabaseQueue.h; sourceTree = "<group>"; };
		051F968D1A82AF0F008E7416 /* FMDatabaseQueue.m */ = {isa = PBXFileReference; fileEncoding = 4; lastKnownFileType = sourcecode.c.objc; path = FMDatabaseQueue.m; sourceTree = "<group>"; };
		051F968E1A82AF0F008E7416 /* FMDB.h */ = {isa = PBXFileReference; fileEncoding = 4; lastKnownFileType = sourcecode.c.h; path = FMDB.h; sourceTree = "<group>"; };
		051F968F1A82AF0F008E7416 /* FMResultSet.h */ = {isa = PBXFileReference; fileEncoding = 4; lastKnownFileType = sourcecode.c.h; path = FMResultSet.h; sourceTree = "<group>"; };
		051F96901A82AF0F008E7416 /* FMResultSet.m */ = {isa = PBXFileReference; fileEncoding = 4; lastKnownFileType = sourcecode.c.objc; path = FMResultSet.m; sourceTree = "<group>"; };
		051F96971A82AF26008E7416 /* GeoIpManager.swift */ = {isa = PBXFileReference; fileEncoding = 4; lastKnownFileType = sourcecode.swift; path = GeoIpManager.swift; sourceTree = "<group>"; };
		051F96981A82AF26008E7416 /* Lsof.swift */ = {isa = PBXFileReference; fileEncoding = 4; lastKnownFileType = sourcecode.swift; path = Lsof.swift; sourceTree = "<group>"; };
		051F96991A82AF26008E7416 /* SystemCall.swift */ = {isa = PBXFileReference; fileEncoding = 4; lastKnownFileType = sourcecode.swift; path = SystemCall.swift; sourceTree = "<group>"; };
		051F969E1A82AF3A008E7416 /* lsof.sh */ = {isa = PBXFileReference; fileEncoding = 4; lastKnownFileType = text.script.sh; path = lsof.sh; sourceTree = "<group>"; };
		053E7FE71A84181B00E8DA73 /* IPAddress.swift */ = {isa = PBXFileReference; fileEncoding = 4; lastKnownFileType = sourcecode.swift; path = IPAddress.swift; sourceTree = "<group>"; };
		053E7FE91A842A5900E8DA73 /* MapViewController.swift */ = {isa = PBXFileReference; fileEncoding = 4; lastKnownFileType = sourcecode.swift; path = MapViewController.swift; sourceTree = "<group>"; };
		053E7FEB1A842B9800E8DA73 /* MapKit.framework */ = {isa = PBXFileReference; lastKnownFileType = wrapper.framework; name = MapKit.framework; path = System/Library/Frameworks/MapKit.framework; sourceTree = SDKROOT; };
		053E7FED1A84454400E8DA73 /* ConnectionOperation.swift */ = {isa = PBXFileReference; fileEncoding = 4; lastKnownFileType = sourcecode.swift; path = ConnectionOperation.swift; sourceTree = "<group>"; };
		053E7FEF1A855B9500E8DA73 /* flutter.entitlements */ = {isa = PBXFileReference; lastKnownFileType = text.xml; path = flutter.entitlements; sourceTree = "<group>"; };
		054F2E9B1A86F60E002A117A /* LsofLocation.swift */ = {isa = PBXFileReference; fileEncoding = 4; lastKnownFileType = sourcecode.swift; path = LsofLocation.swift; sourceTree = "<group>"; };
		056280F11A8ABF0000E64820 /* CountView.swift */ = {isa = PBXFileReference; fileEncoding = 4; lastKnownFileType = sourcecode.swift; path = CountView.swift; sourceTree = "<group>"; };
		056280F21A8ABF0000E64820 /* CountViewCell.xib */ = {isa = PBXFileReference; fileEncoding = 4; lastKnownFileType = file.xib; path = CountViewCell.xib; sourceTree = "<group>"; };
		056280F31A8ABF0000E64820 /* LeftView.swift */ = {isa = PBXFileReference; fileEncoding = 4; lastKnownFileType = sourcecode.swift; path = LeftView.swift; sourceTree = "<group>"; };
		0575A5091A802CD400EA9787 /* flutter.app */ = {isa = PBXFileReference; explicitFileType = wrapper.application; includeInIndex = 0; path = flutter.app; sourceTree = BUILT_PRODUCTS_DIR; };
		0575A50D1A802CD400EA9787 /* Info.plist */ = {isa = PBXFileReference; lastKnownFileType = text.plist.xml; path = Info.plist; sourceTree = "<group>"; };
		0575A50E1A802CD400EA9787 /* AppDelegate.swift */ = {isa = PBXFileReference; lastKnownFileType = sourcecode.swift; path = AppDelegate.swift; sourceTree = "<group>"; };
		0575A5121A802CD400EA9787 /* Images.xcassets */ = {isa = PBXFileReference; lastKnownFileType = folder.assetcatalog; path = Images.xcassets; sourceTree = "<group>"; };
		0575A5151A802CD400EA9787 /* Base */ = {isa = PBXFileReference; lastKnownFileType = file.storyboard; name = Base; path = Base.lproj/Main.storyboard; sourceTree = "<group>"; };
		0575A51B1A802CD400EA9787 /* flutterTests.xctest */ = {isa = PBXFileReference; explicitFileType = wrapper.cfbundle; includeInIndex = 0; path = flutterTests.xctest; sourceTree = BUILT_PRODUCTS_DIR; };
		0575A5201A802CD400EA9787 /* Info.plist */ = {isa = PBXFileReference; lastKnownFileType = text.plist.xml; path = Info.plist; sourceTree = "<group>"; };
		0575A5211A802CD400EA9787 /* flutterTests.swift */ = {isa = PBXFileReference; lastKnownFileType = sourcecode.swift; path = flutterTests.swift; sourceTree = "<group>"; };
		05A1016C1A8C3CF500182CFD /* ps.sh */ = {isa = PBXFileReference; fileEncoding = 4; lastKnownFileType = text.script.sh; path = ps.sh; sourceTree = "<group>"; };
		05A1016E1A8D633000182CFD /* ProcessMetadata.swift */ = {isa = PBXFileReference; fileEncoding = 4; lastKnownFileType = sourcecode.swift; path = ProcessMetadata.swift; sourceTree = "<group>"; };
		05A101701A8D83F300182CFD /* AppView.swift */ = {isa = PBXFileReference; fileEncoding = 4; lastKnownFileType = sourcecode.swift; path = AppView.swift; sourceTree = "<group>"; };
		05A101721A8D8B9900182CFD /* AppViewCell.xib */ = {isa = PBXFileReference; fileEncoding = 4; lastKnownFileType = file.xib; path = AppViewCell.xib; sourceTree = "<group>"; };
		05A101741A8D8C1400182CFD /* AppViewCell.swift */ = {isa = PBXFileReference; fileEncoding = 4; lastKnownFileType = sourcecode.swift; path = AppViewCell.swift; sourceTree = "<group>"; };
		05A101771A8EC78E00182CFD /* default_app_icon.png */ = {isa = PBXFileReference; lastKnownFileType = image.png; path = default_app_icon.png; sourceTree = "<group>"; };
/* End PBXFileReference section */

/* Begin PBXFrameworksBuildPhase section */
		0575A5061A802CD300EA9787 /* Frameworks */ = {
			isa = PBXFrameworksBuildPhase;
			buildActionMask = 2147483647;
			files = (
				053E7FEC1A842B9800E8DA73 /* MapKit.framework in Frameworks */,
				051F96731A818C27008E7416 /* libsqlite3.dylib in Frameworks */,
			);
			runOnlyForDeploymentPostprocessing = 0;
		};
		0575A5181A802CD400EA9787 /* Frameworks */ = {
			isa = PBXFrameworksBuildPhase;
			buildActionMask = 2147483647;
			files = (
			);
			runOnlyForDeploymentPostprocessing = 0;
		};
/* End PBXFrameworksBuildPhase section */

/* Begin PBXGroup section */
		051F96741A818CFC008E7416 /* Resources */ = {
			isa = PBXGroup;
			children = (
				05A101761A8EC78E00182CFD /* Images */,
				053E7FEF1A855B9500E8DA73 /* flutter.entitlements */,
				051F96771A818D3F008E7416 /* locations.db */,
			);
			name = Resources;
			sourceTree = "<group>";
		};
		051F96791A818DC4008E7416 /* Frameworks */ = {
			isa = PBXGroup;
			children = (
				053E7FEB1A842B9800E8DA73 /* MapKit.framework */,
				051F96721A818C27008E7416 /* libsqlite3.dylib */,
			);
			name = Frameworks;
			sourceTree = "<group>";
		};
		051F96841A82AF0F008E7416 /* Library */ = {
			isa = PBXGroup;
			children = (
				051F96851A82AF0F008E7416 /* FMDB */,
			);
			path = Library;
			sourceTree = "<group>";
		};
		051F96851A82AF0F008E7416 /* FMDB */ = {
			isa = PBXGroup;
			children = (
				051F96861A82AF0F008E7416 /* FMDatabase.h */,
				051F96871A82AF0F008E7416 /* FMDatabase.m */,
				051F96881A82AF0F008E7416 /* FMDatabaseAdditions.h */,
				051F96891A82AF0F008E7416 /* FMDatabaseAdditions.m */,
				051F968A1A82AF0F008E7416 /* FMDatabasePool.h */,
				051F968B1A82AF0F008E7416 /* FMDatabasePool.m */,
				051F968C1A82AF0F008E7416 /* FMDatabaseQueue.h */,
				051F968D1A82AF0F008E7416 /* FMDatabaseQueue.m */,
				051F968E1A82AF0F008E7416 /* FMDB.h */,
				051F968F1A82AF0F008E7416 /* FMResultSet.h */,
				051F96901A82AF0F008E7416 /* FMResultSet.m */,
			);
			path = FMDB;
			sourceTree = "<group>";
		};
		051F96961A82AF26008E7416 /* Classes */ = {
			isa = PBXGroup;
			children = (
				051F96971A82AF26008E7416 /* GeoIpManager.swift */,
				051F96981A82AF26008E7416 /* Lsof.swift */,
				051F96991A82AF26008E7416 /* SystemCall.swift */,
				053E7FE71A84181B00E8DA73 /* IPAddress.swift */,
				053E7FED1A84454400E8DA73 /* ConnectionOperation.swift */,
				054F2E9B1A86F60E002A117A /* LsofLocation.swift */,
				05A1016E1A8D633000182CFD /* ProcessMetadata.swift */,
			);
			path = Classes;
			sourceTree = "<group>";
		};
		051F969D1A82AF3A008E7416 /* Scripts */ = {
			isa = PBXGroup;
			children = (
				051F969E1A82AF3A008E7416 /* lsof.sh */,
				05A1016C1A8C3CF500182CFD /* ps.sh */,
			);
			path = Scripts;
			sourceTree = "<group>";
		};
		051F96A01A82AF52008E7416 /* Controllers */ = {
			isa = PBXGroup;
			children = (
				053E7FE91A842A5900E8DA73 /* MapViewController.swift */,
			);
			path = Controllers;
			sourceTree = "<group>";
		};
		056280F01A8ABF0000E64820 /* Views */ = {
			isa = PBXGroup;
			children = (
				056280F11A8ABF0000E64820 /* CountView.swift */,
				056280F21A8ABF0000E64820 /* CountViewCell.xib */,
				056280F31A8ABF0000E64820 /* LeftView.swift */,
				05A101701A8D83F300182CFD /* AppView.swift */,
				05A101741A8D8C1400182CFD /* AppViewCell.swift */,
				05A101721A8D8B9900182CFD /* AppViewCell.xib */,
			);
			path = Views;
			sourceTree = "<group>";
		};
		0575A5001A802CD300EA9787 = {
			isa = PBXGroup;
			children = (
				0575A50B1A802CD400EA9787 /* flutter */,
				0575A51E1A802CD400EA9787 /* flutterTests */,
				0575A50A1A802CD400EA9787 /* Products */,
			);
			sourceTree = "<group>";
		};
		0575A50A1A802CD400EA9787 /* Products */ = {
			isa = PBXGroup;
			children = (
				0575A5091A802CD400EA9787 /* flutter.app */,
				0575A51B1A802CD400EA9787 /* flutterTests.xctest */,
			);
			name = Products;
			sourceTree = "<group>";
		};
		0575A50B1A802CD400EA9787 /* flutter */ = {
			isa = PBXGroup;
			children = (
				056280F01A8ABF0000E64820 /* Views */,
				051F969D1A82AF3A008E7416 /* Scripts */,
				051F96A01A82AF52008E7416 /* Controllers */,
				051F96961A82AF26008E7416 /* Classes */,
				051F96841A82AF0F008E7416 /* Library */,
				0575A50E1A802CD400EA9787 /* AppDelegate.swift */,
				0575A5121A802CD400EA9787 /* Images.xcassets */,
				0575A5141A802CD400EA9787 /* Main.storyboard */,
				051F96791A818DC4008E7416 /* Frameworks */,
				051F96741A818CFC008E7416 /* Resources */,
				0575A50C1A802CD400EA9787 /* Supporting Files */,
			);
			path = flutter;
			sourceTree = "<group>";
		};
		0575A50C1A802CD400EA9787 /* Supporting Files */ = {
			isa = PBXGroup;
			children = (
				0575A50D1A802CD400EA9787 /* Info.plist */,
			);
			name = "Supporting Files";
			sourceTree = "<group>";
		};
		0575A51E1A802CD400EA9787 /* flutterTests */ = {
			isa = PBXGroup;
			children = (
				0575A5211A802CD400EA9787 /* flutterTests.swift */,
				0575A51F1A802CD400EA9787 /* Supporting Files */,
			);
			path = flutterTests;
			sourceTree = "<group>";
		};
		0575A51F1A802CD400EA9787 /* Supporting Files */ = {
			isa = PBXGroup;
			children = (
				0575A5201A802CD400EA9787 /* Info.plist */,
			);
			name = "Supporting Files";
			sourceTree = "<group>";
		};
		05A101761A8EC78E00182CFD /* Images */ = {
			isa = PBXGroup;
			children = (
				05A101771A8EC78E00182CFD /* default_app_icon.png */,
			);
			name = Images;
			path = Resources/Images;
			sourceTree = "<group>";
		};
/* End PBXGroup section */

/* Begin PBXNativeTarget section */
		0575A5081A802CD300EA9787 /* flutter */ = {
			isa = PBXNativeTarget;
			buildConfigurationList = 0575A5251A802CD400EA9787 /* Build configuration list for PBXNativeTarget "flutter" */;
			buildPhases = (
				0575A5051A802CD300EA9787 /* Sources */,
				0575A5061A802CD300EA9787 /* Frameworks */,
				0575A5071A802CD300EA9787 /* Resources */,
			);
			buildRules = (
			);
			dependencies = (
			);
			name = flutter;
			productName = flutter;
			productReference = 0575A5091A802CD400EA9787 /* flutter.app */;
			productType = "com.apple.product-type.application";
		};
		0575A51A1A802CD400EA9787 /* flutterTests */ = {
			isa = PBXNativeTarget;
			buildConfigurationList = 0575A5281A802CD400EA9787 /* Build configuration list for PBXNativeTarget "flutterTests" */;
			buildPhases = (
				0575A5171A802CD400EA9787 /* Sources */,
				0575A5181A802CD400EA9787 /* Frameworks */,
				0575A5191A802CD400EA9787 /* Resources */,
			);
			buildRules = (
			);
			dependencies = (
				0575A51D1A802CD400EA9787 /* PBXTargetDependency */,
			);
			name = flutterTests;
			productName = flutterTests;
			productReference = 0575A51B1A802CD400EA9787 /* flutterTests.xctest */;
			productType = "com.apple.product-type.bundle.unit-test";
		};
/* End PBXNativeTarget section */

/* Begin PBXProject section */
		0575A5011A802CD300EA9787 /* Project object */ = {
			isa = PBXProject;
			attributes = {
				LastUpgradeCheck = 0610;
				ORGANIZATIONNAME = dragonfly;
				TargetAttributes = {
					0575A5081A802CD300EA9787 = {
						CreatedOnToolsVersion = 6.1.1;
						DevelopmentTeam = S9FKV88H43;
					};
					0575A51A1A802CD400EA9787 = {
						CreatedOnToolsVersion = 6.1.1;
						TestTargetID = 0575A5081A802CD300EA9787;
					};
				};
			};
			buildConfigurationList = 0575A5041A802CD300EA9787 /* Build configuration list for PBXProject "flutter" */;
			compatibilityVersion = "Xcode 3.2";
			developmentRegion = English;
			hasScannedForEncodings = 0;
			knownRegions = (
				en,
				Base,
			);
			mainGroup = 0575A5001A802CD300EA9787;
			productRefGroup = 0575A50A1A802CD400EA9787 /* Products */;
			projectDirPath = "";
			projectRoot = "";
			targets = (
				0575A5081A802CD300EA9787 /* flutter */,
				0575A51A1A802CD400EA9787 /* flutterTests */,
			);
		};
/* End PBXProject section */

/* Begin PBXResourcesBuildPhase section */
		0575A5071A802CD300EA9787 /* Resources */ = {
			isa = PBXResourcesBuildPhase;
			buildActionMask = 2147483647;
			files = (
				051F969F1A82AF3A008E7416 /* lsof.sh in Resources */,
				051F96781A818D3F008E7416 /* locations.db in Resources */,
				056280F51A8ABF0000E64820 /* CountViewCell.xib in Resources */,
				05A1016D1A8C3CF500182CFD /* ps.sh in Resources */,
				05A101781A8EC78E00182CFD /* default_app_icon.png in Resources */,
				0575A5131A802CD400EA9787 /* Images.xcassets in Resources */,
				05A101731A8D8B9900182CFD /* AppViewCell.xib in Resources */,
				0575A5161A802CD400EA9787 /* Main.storyboard in Resources */,
			);
			runOnlyForDeploymentPostprocessing = 0;
		};
		0575A5191A802CD400EA9787 /* Resources */ = {
			isa = PBXResourcesBuildPhase;
			buildActionMask = 2147483647;
			files = (
			);
			runOnlyForDeploymentPostprocessing = 0;
		};
/* End PBXResourcesBuildPhase section */

/* Begin PBXSourcesBuildPhase section */
		0575A5051A802CD300EA9787 /* Sources */ = {
			isa = PBXSourcesBuildPhase;
			buildActionMask = 2147483647;
			files = (
				053E7FE81A84181B00E8DA73 /* IPAddress.swift in Sources */,
				051F969B1A82AF26008E7416 /* Lsof.swift in Sources */,
				051F96911A82AF0F008E7416 /* FMDatabase.m in Sources */,
				051F96951A82AF0F008E7416 /* FMResultSet.m in Sources */,
				0575A50F1A802CD400EA9787 /* AppDelegate.swift in Sources */,
				051F969A1A82AF26008E7416 /* GeoIpManager.swift in Sources */,
				053E7FEA1A842A5900E8DA73 /* MapViewController.swift in Sources */,
				056280F41A8ABF0000E64820 /* CountView.swift in Sources */,
				051F96931A82AF0F008E7416 /* FMDatabasePool.m in Sources */,
				05A1016F1A8D633000182CFD /* ProcessMetadata.swift in Sources */,
				051F96921A82AF0F008E7416 /* FMDatabaseAdditions.m in Sources */,
				054F2E9C1A86F60E002A117A /* LsofLocation.swift in Sources */,
				051F969C1A82AF26008E7416 /* SystemCall.swift in Sources */,
				05A101711A8D83F300182CFD /* AppView.swift in Sources */,
				05A101751A8D8C1400182CFD /* AppViewCell.swift in Sources */,
				053E7FEE1A84454400E8DA73 /* ConnectionOperation.swift in Sources */,
				051F96941A82AF0F008E7416 /* FMDatabaseQueue.m in Sources */,
				056280F61A8ABF0000E64820 /* LeftView.swift in Sources */,
			);
			runOnlyForDeploymentPostprocessing = 0;
		};
		0575A5171A802CD400EA9787 /* Sources */ = {
			isa = PBXSourcesBuildPhase;
			buildActionMask = 2147483647;
			files = (
				0575A5221A802CD400EA9787 /* flutterTests.swift in Sources */,
			);
			runOnlyForDeploymentPostprocessing = 0;
		};
/* End PBXSourcesBuildPhase section */

/* Begin PBXTargetDependency section */
		0575A51D1A802CD400EA9787 /* PBXTargetDependency */ = {
			isa = PBXTargetDependency;
			target = 0575A5081A802CD300EA9787 /* flutter */;
			targetProxy = 0575A51C1A802CD400EA9787 /* PBXContainerItemProxy */;
		};
/* End PBXTargetDependency section */

/* Begin PBXVariantGroup section */
		0575A5141A802CD400EA9787 /* Main.storyboard */ = {
			isa = PBXVariantGroup;
			children = (
				0575A5151A802CD400EA9787 /* Base */,
			);
			name = Main.storyboard;
			sourceTree = "<group>";
		};
/* End PBXVariantGroup section */

/* Begin XCBuildConfiguration section */
		0575A5231A802CD400EA9787 /* Debug */ = {
			isa = XCBuildConfiguration;
			buildSettings = {
				ALWAYS_SEARCH_USER_PATHS = NO;
				CLANG_CXX_LANGUAGE_STANDARD = "gnu++0x";
				CLANG_CXX_LIBRARY = "libc++";
				CLANG_ENABLE_MODULES = YES;
				CLANG_ENABLE_OBJC_ARC = YES;
				CLANG_WARN_BOOL_CONVERSION = YES;
				CLANG_WARN_CONSTANT_CONVERSION = YES;
				CLANG_WARN_DIRECT_OBJC_ISA_USAGE = YES_ERROR;
				CLANG_WARN_EMPTY_BODY = YES;
				CLANG_WARN_ENUM_CONVERSION = YES;
				CLANG_WARN_INT_CONVERSION = YES;
				CLANG_WARN_OBJC_ROOT_CLASS = YES_ERROR;
				CLANG_WARN_UNREACHABLE_CODE = YES;
				CLANG_WARN__DUPLICATE_METHOD_MATCH = YES;
				CODE_SIGN_IDENTITY = "-";
				COPY_PHASE_STRIP = NO;
				ENABLE_STRICT_OBJC_MSGSEND = YES;
				GCC_C_LANGUAGE_STANDARD = gnu99;
				GCC_DYNAMIC_NO_PIC = NO;
				GCC_OPTIMIZATION_LEVEL = 0;
				GCC_PREPROCESSOR_DEFINITIONS = (
					"DEBUG=1",
					"$(inherited)",
				);
				GCC_SYMBOLS_PRIVATE_EXTERN = NO;
				GCC_WARN_64_TO_32_BIT_CONVERSION = YES;
				GCC_WARN_ABOUT_RETURN_TYPE = YES_ERROR;
				GCC_WARN_UNDECLARED_SELECTOR = YES;
				GCC_WARN_UNINITIALIZED_AUTOS = YES_AGGRESSIVE;
				GCC_WARN_UNUSED_FUNCTION = YES;
				GCC_WARN_UNUSED_VARIABLE = YES;
				MACOSX_DEPLOYMENT_TARGET = 10.10;
				MTL_ENABLE_DEBUG_INFO = YES;
				ONLY_ACTIVE_ARCH = YES;
				SDKROOT = macosx;
				SWIFT_OPTIMIZATION_LEVEL = "-Onone";
			};
			name = Debug;
		};
		0575A5241A802CD400EA9787 /* Release */ = {
			isa = XCBuildConfiguration;
			buildSettings = {
				ALWAYS_SEARCH_USER_PATHS = NO;
				CLANG_CXX_LANGUAGE_STANDARD = "gnu++0x";
				CLANG_CXX_LIBRARY = "libc++";
				CLANG_ENABLE_MODULES = YES;
				CLANG_ENABLE_OBJC_ARC = YES;
				CLANG_WARN_BOOL_CONVERSION = YES;
				CLANG_WARN_CONSTANT_CONVERSION = YES;
				CLANG_WARN_DIRECT_OBJC_ISA_USAGE = YES_ERROR;
				CLANG_WARN_EMPTY_BODY = YES;
				CLANG_WARN_ENUM_CONVERSION = YES;
				CLANG_WARN_INT_CONVERSION = YES;
				CLANG_WARN_OBJC_ROOT_CLASS = YES_ERROR;
				CLANG_WARN_UNREACHABLE_CODE = YES;
				CLANG_WARN__DUPLICATE_METHOD_MATCH = YES;
				CODE_SIGN_IDENTITY = "-";
				COPY_PHASE_STRIP = YES;
				DEBUG_INFORMATION_FORMAT = "dwarf-with-dsym";
				ENABLE_NS_ASSERTIONS = NO;
				ENABLE_STRICT_OBJC_MSGSEND = YES;
				GCC_C_LANGUAGE_STANDARD = gnu99;
				GCC_WARN_64_TO_32_BIT_CONVERSION = YES;
				GCC_WARN_ABOUT_RETURN_TYPE = YES_ERROR;
				GCC_WARN_UNDECLARED_SELECTOR = YES;
				GCC_WARN_UNINITIALIZED_AUTOS = YES_AGGRESSIVE;
				GCC_WARN_UNUSED_FUNCTION = YES;
				GCC_WARN_UNUSED_VARIABLE = YES;
				MACOSX_DEPLOYMENT_TARGET = 10.10;
				MTL_ENABLE_DEBUG_INFO = NO;
				SDKROOT = macosx;
			};
			name = Release;
		};
		0575A5261A802CD400EA9787 /* Debug */ = {
			isa = XCBuildConfiguration;
			buildSettings = {
				ASSETCATALOG_COMPILER_APPICON_NAME = AppIcon;
				CLANG_ENABLE_MODULES = YES;
				CODE_SIGN_ENTITLEMENTS = flutter/flutter.entitlements;
				CODE_SIGN_IDENTITY = "Mac Developer";
				"CODE_SIGN_IDENTITY[sdk=macosx*]" = "Mac Developer";
				COMBINE_HIDPI_IMAGES = YES;
				INFOPLIST_FILE = flutter/Info.plist;
				LD_RUNPATH_SEARCH_PATHS = "$(inherited) @executable_path/../Frameworks";
				PRODUCT_NAME = "$(TARGET_NAME)";
				PROVISIONING_PROFILE = "2e166d5c-d42d-4cea-8ed9-4bb9414dd482";
				SWIFT_OBJC_BRIDGING_HEADER = "flutter/flutter-Bridging-Header.h";
				SWIFT_OPTIMIZATION_LEVEL = "-Onone";
			};
			name = Debug;
		};
		0575A5271A802CD400EA9787 /* Release */ = {
			isa = XCBuildConfiguration;
			buildSettings = {
				ASSETCATALOG_COMPILER_APPICON_NAME = AppIcon;
				CLANG_ENABLE_MODULES = YES;
				CODE_SIGN_ENTITLEMENTS = flutter/flutter.entitlements;
				CODE_SIGN_IDENTITY = "Mac Developer";
				"CODE_SIGN_IDENTITY[sdk=macosx*]" = "Mac Developer";
				COMBINE_HIDPI_IMAGES = YES;
				INFOPLIST_FILE = flutter/Info.plist;
				LD_RUNPATH_SEARCH_PATHS = "$(inherited) @executable_path/../Frameworks";
				PRODUCT_NAME = "$(TARGET_NAME)";
				PROVISIONING_PROFILE = "2e166d5c-d42d-4cea-8ed9-4bb9414dd482";
				SWIFT_OBJC_BRIDGING_HEADER = "flutter/flutter-Bridging-Header.h";
			};
			name = Release;
		};
		0575A5291A802CD400EA9787 /* Debug */ = {
			isa = XCBuildConfiguration;
			buildSettings = {
				BUNDLE_LOADER = "$(TEST_HOST)";
				COMBINE_HIDPI_IMAGES = YES;
				FRAMEWORK_SEARCH_PATHS = (
					"$(DEVELOPER_FRAMEWORKS_DIR)",
					"$(inherited)",
				);
				GCC_PREPROCESSOR_DEFINITIONS = (
					"DEBUG=1",
					"$(inherited)",
				);
				INFOPLIST_FILE = flutterTests/Info.plist;
				LD_RUNPATH_SEARCH_PATHS = "$(inherited) @executable_path/../Frameworks @loader_path/../Frameworks";
				PRODUCT_NAME = "$(TARGET_NAME)";
				TEST_HOST = "$(BUILT_PRODUCTS_DIR)/flutter.app/Contents/MacOS/flutter";
			};
			name = Debug;
		};
		0575A52A1A802CD400EA9787 /* Release */ = {
			isa = XCBuildConfiguration;
			buildSettings = {
				BUNDLE_LOADER = "$(TEST_HOST)";
				COMBINE_HIDPI_IMAGES = YES;
				FRAMEWORK_SEARCH_PATHS = (
					"$(DEVELOPER_FRAMEWORKS_DIR)",
					"$(inherited)",
				);
				INFOPLIST_FILE = flutterTests/Info.plist;
				LD_RUNPATH_SEARCH_PATHS = "$(inherited) @executable_path/../Frameworks @loader_path/../Frameworks";
				PRODUCT_NAME = "$(TARGET_NAME)";
				TEST_HOST = "$(BUILT_PRODUCTS_DIR)/flutter.app/Contents/MacOS/flutter";
			};
			name = Release;
		};
/* End XCBuildConfiguration section */

/* Begin XCConfigurationList section */
		0575A5041A802CD300EA9787 /* Build configuration list for PBXProject "flutter" */ = {
			isa = XCConfigurationList;
			buildConfigurations = (
				0575A5231A802CD400EA9787 /* Debug */,
				0575A5241A802CD400EA9787 /* Release */,
			);
			defaultConfigurationIsVisible = 0;
			defaultConfigurationName = Release;
		};
		0575A5251A802CD400EA9787 /* Build configuration list for PBXNativeTarget "flutter" */ = {
			isa = XCConfigurationList;
			buildConfigurations = (
				0575A5261A802CD400EA9787 /* Debug */,
				0575A5271A802CD400EA9787 /* Release */,
			);
			defaultConfigurationIsVisible = 0;
			defaultConfigurationName = Release;
		};
		0575A5281A802CD400EA9787 /* Build configuration list for PBXNativeTarget "flutterTests" */ = {
			isa = XCConfigurationList;
			buildConfigurations = (
				0575A5291A802CD400EA9787 /* Debug */,
				0575A52A1A802CD400EA9787 /* Release */,
			);
			defaultConfigurationIsVisible = 0;
			defaultConfigurationName = Release;
		};
/* End XCConfigurationList section */
	};
	rootObject = 0575A5011A802CD300EA9787 /* Project object */;
}
